
Microsoft Visual Studio Solution File, Format Version 12.00
# Visual Studio 15
VisualStudioVersion = 15.0.28307.1684
MinimumVisualStudioVersion = 10.0.40219.1
Project("{FAE04EC0-301F-11D3-BF4B-00C04F79EFBC}") = "Sistema", "Sistema\Sistema.csproj", "{B2D1718F-4166-49D7-9994-EA2CB4A2EA4D}"
EndProject
Project("{FAE04EC0-301F-11D3-BF4B-00C04F79EFBC}") = "Dominio", "Dominio\Dominio.csproj", "{305EAFB3-46D0-4A4B-919D-18130B4548CC}"
EndProject
Project("{FAE04EC0-301F-11D3-BF4B-00C04F79EFBC}") = "Datos", "Datos\Datos.csproj", "{F009B63C-6CD6-4B0A-85BC-BD0A3FD36244}"
EndProject
Global
	GlobalSection(SolutionConfigurationPlatforms) = preSolution
		Debug|Any CPU = Debug|Any CPU
		Release|Any CPU = Release|Any CPU
	EndGlobalSection
	GlobalSection(ProjectConfigurationPlatforms) = postSolution
		{B2D1718F-4166-49D7-9994-EA2CB4A2EA4D}.Debug|Any CPU.ActiveCfg = Debug|Any CPU
		{B2D1718F-4166-49D7-9994-EA2CB4A2EA4D}.Debug|Any CPU.Build.0 = Debug|Any CPU
		{B2D1718F-4166-49D7-9994-EA2CB4A2EA4D}.Release|Any CPU.ActiveCfg = Release|Any CPU
		{B2D1718F-4166-49D7-9994-EA2CB4A2EA4D}.Release|Any CPU.Build.0 = Release|Any CPU
		{305EAFB3-46D0-4A4B-919D-18130B4548CC}.Debug|Any CPU.ActiveCfg = Debug|Any CPU
		{305EAFB3-46D0-4A4B-919D-18130B4548CC}.Debug|Any CPU.Build.0 = Debug|Any CPU
		{305EAFB3-46D0-4A4B-919D-18130B4548CC}.Release|Any CPU.ActiveCfg = Release|Any CPU
		{305EAFB3-46D0-4A4B-919D-18130B4548CC}.Release|Any CPU.Build.0 = Release|Any CPU
		{F009B63C-6CD6-4B0A-85BC-BD0A3FD36244}.Debug|Any CPU.ActiveCfg = Debug|Any CPU
		{F009B63C-6CD6-4B0A-85BC-BD0A3FD36244}.Debug|Any CPU.Build.0 = Debug|Any CPU
		{F009B63C-6CD6-4B0A-85BC-BD0A3FD36244}.Release|Any CPU.ActiveCfg = Release|Any CPU
		{F009B63C-6CD6-4B0A-85BC-BD0A3FD36244}.Release|Any CPU.Build.0 = Release|Any CPU
	EndGlobalSection
	GlobalSection(SolutionProperties) = preSolution
		HideSolutionNode = FALSE
	EndGlobalSection
	GlobalSection(ExtensibilityGlobals) = postSolution
		SolutionGuid = {328417BA-A595-4CCA-A4E8-87560B7D0A27}
	EndGlobalSection
EndGlobal
